// !$*UTF8*$!
{
	archiveVersion = 1;
	classes = {
	};
	objectVersion = 55;
	objects = {

/* Begin PBXBuildFile section */
		BA2501E428D3408400AA404D /* AppleMusicSwiftUIApp.swift in Sources */ = {isa = PBXBuildFile; fileRef = BA2501E328D3408400AA404D /* AppleMusicSwiftUIApp.swift */; };
		BA2501E628D3408400AA404D /* ContentView.swift in Sources */ = {isa = PBXBuildFile; fileRef = BA2501E528D3408400AA404D /* ContentView.swift */; };
		BA2501E828D3408500AA404D /* Assets.xcassets in Resources */ = {isa = PBXBuildFile; fileRef = BA2501E728D3408500AA404D /* Assets.xcassets */; };
		BA2501EB28D3408500AA404D /* Preview Assets.xcassets in Resources */ = {isa = PBXBuildFile; fileRef = BA2501EA28D3408500AA404D /* Preview Assets.xcassets */; };
		BA2501F928D3414C00AA404D /* TabsView.swift in Sources */ = {isa = PBXBuildFile; fileRef = BA2501F828D3414C00AA404D /* TabsView.swift */; };
		BA2501FB28D3418000AA404D /* LibraryData.swift in Sources */ = {isa = PBXBuildFile; fileRef = BA2501FA28D3418000AA404D /* LibraryData.swift */; };
		BA2501FD28D3419D00AA404D /* RadioData.swift in Sources */ = {isa = PBXBuildFile; fileRef = BA2501FC28D3419D00AA404D /* RadioData.swift */; };
		BA2501FF28D341BC00AA404D /* SearchView.swift in Sources */ = {isa = PBXBuildFile; fileRef = BA2501FE28D341BC00AA404D /* SearchView.swift */; };
		BA25020128D341E100AA404D /* LibraryView.swift in Sources */ = {isa = PBXBuildFile; fileRef = BA25020028D341E100AA404D /* LibraryView.swift */; };
		BA25020328D341FA00AA404D /* NowPlayingBar.swift in Sources */ = {isa = PBXBuildFile; fileRef = BA25020228D341FA00AA404D /* NowPlayingBar.swift */; };
		BA25020528D3421D00AA404D /* MainLibrary.swift in Sources */ = {isa = PBXBuildFile; fileRef = BA25020428D3421D00AA404D /* MainLibrary.swift */; };
		BA25020728D3423E00AA404D /* EditLibrary.swift in Sources */ = {isa = PBXBuildFile; fileRef = BA25020628D3423E00AA404D /* EditLibrary.swift */; };
		BA25020928D3425900AA404D /* ListItem.swift in Sources */ = {isa = PBXBuildFile; fileRef = BA25020828D3425900AA404D /* ListItem.swift */; };
		BA25020B28D3428600AA404D /* RadioView.swift in Sources */ = {isa = PBXBuildFile; fileRef = BA25020A28D3428600AA404D /* RadioView.swift */; };
		BA25020F28D342A800AA404D /* RadioStationsView.swift in Sources */ = {isa = PBXBuildFile; fileRef = BA25020E28D342A800AA404D /* RadioStationsView.swift */; };
		BA25021128D342B300AA404D /* RadioStationButton.swift in Sources */ = {isa = PBXBuildFile; fileRef = BA25021028D342B300AA404D /* RadioStationButton.swift */; };
		BA25021328D342C300AA404D /* TopRadioView.swift in Sources */ = {isa = PBXBuildFile; fileRef = BA25021228D342C300AA404D /* TopRadioView.swift */; };
		BA25021528D342D200AA404D /* TopRadioButton.swift in Sources */ = {isa = PBXBuildFile; fileRef = BA25021428D342D200AA404D /* TopRadioButton.swift */; };
		BA25021928D3475400AA404D /* CategoryData.swift in Sources */ = {isa = PBXBuildFile; fileRef = BA25021828D3475400AA404D /* CategoryData.swift */; };
		BA25021B28D3499300AA404D /* SearchCategoryButton.swift in Sources */ = {isa = PBXBuildFile; fileRef = BA25021A28D3499300AA404D /* SearchCategoryButton.swift */; };
		BA25021D28D350F600AA404D /* SongData.swift in Sources */ = {isa = PBXBuildFile; fileRef = BA25021C28D350F600AA404D /* SongData.swift */; };
		BA25021F28D3540200AA404D /* CategoryView.swift in Sources */ = {isa = PBXBuildFile; fileRef = BA25021E28D3540200AA404D /* CategoryView.swift */; };
		BAA9EA2828DCD02100E919C0 /* TopCategory.swift in Sources */ = {isa = PBXBuildFile; fileRef = BAA9EA2728DCD02100E919C0 /* TopCategory.swift */; };
		BAA9EA2A28DCD08700E919C0 /* BottomCategory.swift in Sources */ = {isa = PBXBuildFile; fileRef = BAA9EA2928DCD08700E919C0 /* BottomCategory.swift */; };
		BAA9EA2C28DCD0D600E919C0 /* TopCategoryButton.swift in Sources */ = {isa = PBXBuildFile; fileRef = BAA9EA2B28DCD0D600E919C0 /* TopCategoryButton.swift */; };
		BAA9EA2E28DCD23E00E919C0 /* BottomCategoryButton.swift in Sources */ = {isa = PBXBuildFile; fileRef = BAA9EA2D28DCD23E00E919C0 /* BottomCategoryButton.swift */; };
		BAA9EA3128E0F0E300E919C0 /* PlayerView.swift in Sources */ = {isa = PBXBuildFile; fileRef = BAA9EA3028E0F0E300E919C0 /* PlayerView.swift */; };
		BAA9EA3328E613DE00E919C0 /* SearchCell.swift in Sources */ = {isa = PBXBuildFile; fileRef = BAA9EA3228E613DE00E919C0 /* SearchCell.swift */; };
/* End PBXBuildFile section */

/* Begin PBXFileReference section */
		BA2501E028D3408400AA404D /* AppleMusicSwiftUI.app */ = {isa = PBXFileReference; explicitFileType = wrapper.application; includeInIndex = 0; path = AppleMusicSwiftUI.app; sourceTree = BUILT_PRODUCTS_DIR; };
		BA2501E328D3408400AA404D /* AppleMusicSwiftUIApp.swift */ = {isa = PBXFileReference; lastKnownFileType = sourcecode.swift; path = AppleMusicSwiftUIApp.swift; sourceTree = "<group>"; };
		BA2501E528D3408400AA404D /* ContentView.swift */ = {isa = PBXFileReference; lastKnownFileType = sourcecode.swift; path = ContentView.swift; sourceTree = "<group>"; };
		BA2501E728D3408500AA404D /* Assets.xcassets */ = {isa = PBXFileReference; lastKnownFileType = folder.assetcatalog; path = Assets.xcassets; sourceTree = "<group>"; };
		BA2501EA28D3408500AA404D /* Preview Assets.xcassets */ = {isa = PBXFileReference; lastKnownFileType = folder.assetcatalog; path = "Preview Assets.xcassets"; sourceTree = "<group>"; };
		BA2501F828D3414C00AA404D /* TabsView.swift */ = {isa = PBXFileReference; lastKnownFileType = sourcecode.swift; path = TabsView.swift; sourceTree = "<group>"; };
		BA2501FA28D3418000AA404D /* LibraryData.swift */ = {isa = PBXFileReference; lastKnownFileType = sourcecode.swift; path = LibraryData.swift; sourceTree = "<group>"; };
		BA2501FC28D3419D00AA404D /* RadioData.swift */ = {isa = PBXFileReference; lastKnownFileType = sourcecode.swift; path = RadioData.swift; sourceTree = "<group>"; };
		BA2501FE28D341BC00AA404D /* SearchView.swift */ = {isa = PBXFileReference; lastKnownFileType = sourcecode.swift; path = SearchView.swift; sourceTree = "<group>"; };
		BA25020028D341E100AA404D /* LibraryView.swift */ = {isa = PBXFileReference; lastKnownFileType = sourcecode.swift; path = LibraryView.swift; sourceTree = "<group>"; };
		BA25020228D341FA00AA404D /* NowPlayingBar.swift */ = {isa = PBXFileReference; lastKnownFileType = sourcecode.swift; path = NowPlayingBar.swift; sourceTree = "<group>"; };
		BA25020428D3421D00AA404D /* MainLibrary.swift */ = {isa = PBXFileReference; lastKnownFileType = sourcecode.swift; path = MainLibrary.swift; sourceTree = "<group>"; };
		BA25020628D3423E00AA404D /* EditLibrary.swift */ = {isa = PBXFileReference; lastKnownFileType = sourcecode.swift; path = EditLibrary.swift; sourceTree = "<group>"; };
		BA25020828D3425900AA404D /* ListItem.swift */ = {isa = PBXFileReference; lastKnownFileType = sourcecode.swift; path = ListItem.swift; sourceTree = "<group>"; };
		BA25020A28D3428600AA404D /* RadioView.swift */ = {isa = PBXFileReference; lastKnownFileType = sourcecode.swift; path = RadioView.swift; sourceTree = "<group>"; };
		BA25020E28D342A800AA404D /* RadioStationsView.swift */ = {isa = PBXFileReference; lastKnownFileType = sourcecode.swift; path = RadioStationsView.swift; sourceTree = "<group>"; };
		BA25021028D342B300AA404D /* RadioStationButton.swift */ = {isa = PBXFileReference; lastKnownFileType = sourcecode.swift; path = RadioStationButton.swift; sourceTree = "<group>"; };
		BA25021228D342C300AA404D /* TopRadioView.swift */ = {isa = PBXFileReference; lastKnownFileType = sourcecode.swift; path = TopRadioView.swift; sourceTree = "<group>"; };
		BA25021428D342D200AA404D /* TopRadioButton.swift */ = {isa = PBXFileReference; lastKnownFileType = sourcecode.swift; path = TopRadioButton.swift; sourceTree = "<group>"; };
		BA25021828D3475400AA404D /* CategoryData.swift */ = {isa = PBXFileReference; lastKnownFileType = sourcecode.swift; path = CategoryData.swift; sourceTree = "<group>"; };
		BA25021A28D3499300AA404D /* SearchCategoryButton.swift */ = {isa = PBXFileReference; lastKnownFileType = sourcecode.swift; path = SearchCategoryButton.swift; sourceTree = "<group>"; };
		BA25021C28D350F600AA404D /* SongData.swift */ = {isa = PBXFileReference; lastKnownFileType = sourcecode.swift; path = SongData.swift; sourceTree = "<group>"; };
		BA25021E28D3540200AA404D /* CategoryView.swift */ = {isa = PBXFileReference; lastKnownFileType = sourcecode.swift; path = CategoryView.swift; sourceTree = "<group>"; };
		BAA9EA2728DCD02100E919C0 /* TopCategory.swift */ = {isa = PBXFileReference; lastKnownFileType = sourcecode.swift; path = TopCategory.swift; sourceTree = "<group>"; };
		BAA9EA2928DCD08700E919C0 /* BottomCategory.swift */ = {isa = PBXFileReference; lastKnownFileType = sourcecode.swift; path = BottomCategory.swift; sourceTree = "<group>"; };
		BAA9EA2B28DCD0D600E919C0 /* TopCategoryButton.swift */ = {isa = PBXFileReference; lastKnownFileType = sourcecode.swift; path = TopCategoryButton.swift; sourceTree = "<group>"; };
		BAA9EA2D28DCD23E00E919C0 /* BottomCategoryButton.swift */ = {isa = PBXFileReference; lastKnownFileType = sourcecode.swift; path = BottomCategoryButton.swift; sourceTree = "<group>"; };
		BAA9EA3028E0F0E300E919C0 /* PlayerView.swift */ = {isa = PBXFileReference; lastKnownFileType = sourcecode.swift; path = PlayerView.swift; sourceTree = "<group>"; };
		BAA9EA3228E613DE00E919C0 /* SearchCell.swift */ = {isa = PBXFileReference; lastKnownFileType = sourcecode.swift; path = SearchCell.swift; sourceTree = "<group>"; };
/* End PBXFileReference section */

/* Begin PBXFrameworksBuildPhase section */
		BA2501DD28D3408400AA404D /* Frameworks */ = {
			isa = PBXFrameworksBuildPhase;
			buildActionMask = 2147483647;
			files = (
			);
			runOnlyForDeploymentPostprocessing = 0;
		};
/* End PBXFrameworksBuildPhase section */

/* Begin PBXGroup section */
		BA2501D728D3408400AA404D = {
			isa = PBXGroup;
			children = (
				BA2501E228D3408400AA404D /* AppleMusicSwiftUI */,
				BA2501E128D3408400AA404D /* Products */,
			);
			sourceTree = "<group>";
		};
		BA2501E128D3408400AA404D /* Products */ = {
			isa = PBXGroup;
			children = (
				BA2501E028D3408400AA404D /* AppleMusicSwiftUI.app */,
			);
			name = Products;
			sourceTree = "<group>";
		};
		BA2501E228D3408400AA404D /* AppleMusicSwiftUI */ = {
			isa = PBXGroup;
			children = (
				BA2501F228D3410400AA404D /* View */,
				BA2501F128D340F100AA404D /* App */,
				BA2501E528D3408400AA404D /* ContentView.swift */,
				BA2501E728D3408500AA404D /* Assets.xcassets */,
				BA2501E928D3408500AA404D /* Preview Content */,
			);
			path = AppleMusicSwiftUI;
			sourceTree = "<group>";
		};
		BA2501E928D3408500AA404D /* Preview Content */ = {
			isa = PBXGroup;
			children = (
				BA2501EA28D3408500AA404D /* Preview Assets.xcassets */,
			);
			path = "Preview Content";
			sourceTree = "<group>";
		};
		BA2501F128D340F100AA404D /* App */ = {
			isa = PBXGroup;
			children = (
				BA2501E328D3408400AA404D /* AppleMusicSwiftUIApp.swift */,
			);
			path = App;
			sourceTree = "<group>";
		};
		BA2501F228D3410400AA404D /* View */ = {
			isa = PBXGroup;
			children = (
				BA2501F428D3411B00AA404D /* Modules */,
				BA2501F328D3411400AA404D /* Models */,
			);
			path = View;
			sourceTree = "<group>";
		};
		BA2501F328D3411400AA404D /* Models */ = {
			isa = PBXGroup;
			children = (
				BA2501FA28D3418000AA404D /* LibraryData.swift */,
				BA2501FC28D3419D00AA404D /* RadioData.swift */,
				BA25021828D3475400AA404D /* CategoryData.swift */,
				BA25021C28D350F600AA404D /* SongData.swift */,
			);
			path = Models;
			sourceTree = "<group>";
		};
		BA2501F428D3411B00AA404D /* Modules */ = {
			isa = PBXGroup;
			children = (
				BA2501F728D3413A00AA404D /* Radio */,
				BA2501F628D3413200AA404D /* Media */,
				BA2501F528D3412B00AA404D /* Search */,
				BA2501F828D3414C00AA404D /* TabsView.swift */,
			);
			path = Modules;
			sourceTree = "<group>";
		};
		BA2501F528D3412B00AA404D /* Search */ = {
			isa = PBXGroup;
			children = (
				BAA9EA2628DCD00200E919C0 /* Category */,
				BA2501FE28D341BC00AA404D /* SearchView.swift */,
				BA25021A28D3499300AA404D /* SearchCategoryButton.swift */,
				BA25021E28D3540200AA404D /* CategoryView.swift */,
				BAA9EA3228E613DE00E919C0 /* SearchCell.swift */,
			);
			path = Search;
			sourceTree = "<group>";
		};
		BA2501F628D3413200AA404D /* Media */ = {
			isa = PBXGroup;
			children = (
				BAA9EA2F28E0F0D300E919C0 /* Player */,
				BA25020028D341E100AA404D /* LibraryView.swift */,
				BA25020428D3421D00AA404D /* MainLibrary.swift */,
				BA25020628D3423E00AA404D /* EditLibrary.swift */,
				BA25020828D3425900AA404D /* ListItem.swift */,
			);
			path = Media;
			sourceTree = "<group>";
		};
		BA2501F728D3413A00AA404D /* Radio */ = {
			isa = PBXGroup;
			children = (
				BA25020D28D3429A00AA404D /* TopRadio */,
				BA25020C28D3429100AA404D /* RadioStation */,
				BA25020A28D3428600AA404D /* RadioView.swift */,
			);
			path = Radio;
			sourceTree = "<group>";
		};
		BA25020C28D3429100AA404D /* RadioStation */ = {
			isa = PBXGroup;
			children = (
				BA25020E28D342A800AA404D /* RadioStationsView.swift */,
				BA25021028D342B300AA404D /* RadioStationButton.swift */,
			);
			path = RadioStation;
			sourceTree = "<group>";
		};
		BA25020D28D3429A00AA404D /* TopRadio */ = {
			isa = PBXGroup;
			children = (
				BA25021228D342C300AA404D /* TopRadioView.swift */,
				BA25021428D342D200AA404D /* TopRadioButton.swift */,
			);
			path = TopRadio;
			sourceTree = "<group>";
		};
		BAA9EA2628DCD00200E919C0 /* Category */ = {
			isa = PBXGroup;
			children = (
				BAA9EA2728DCD02100E919C0 /* TopCategory.swift */,
				BAA9EA2B28DCD0D600E919C0 /* TopCategoryButton.swift */,
				BAA9EA2928DCD08700E919C0 /* BottomCategory.swift */,
				BAA9EA2D28DCD23E00E919C0 /* BottomCategoryButton.swift */,
			);
			path = Category;
			sourceTree = "<group>";
		};
		BAA9EA2F28E0F0D300E919C0 /* Player */ = {
			isa = PBXGroup;
			children = (
				BA25020228D341FA00AA404D /* NowPlayingBar.swift */,
				BAA9EA3028E0F0E300E919C0 /* PlayerView.swift */,
			);
			path = Player;
			sourceTree = "<group>";
		};
/* End PBXGroup section */

/* Begin PBXNativeTarget section */
		BA2501DF28D3408400AA404D /* AppleMusicSwiftUI */ = {
			isa = PBXNativeTarget;
			buildConfigurationList = BA2501EE28D3408500AA404D /* Build configuration list for PBXNativeTarget "AppleMusicSwiftUI" */;
			buildPhases = (
				BA2501DC28D3408400AA404D /* Sources */,
				BA2501DD28D3408400AA404D /* Frameworks */,
				BA2501DE28D3408400AA404D /* Resources */,
			);
			buildRules = (
			);
			dependencies = (
			);
			name = AppleMusicSwiftUI;
			productName = AppleMusicSwiftUI;
			productReference = BA2501E028D3408400AA404D /* AppleMusicSwiftUI.app */;
			productType = "com.apple.product-type.application";
		};
/* End PBXNativeTarget section */

/* Begin PBXProject section */
		BA2501D828D3408400AA404D /* Project object */ = {
			isa = PBXProject;
			attributes = {
				BuildIndependentTargetsInParallel = 1;
				LastSwiftUpdateCheck = 1330;
				LastUpgradeCheck = 1330;
				TargetAttributes = {
					BA2501DF28D3408400AA404D = {
						CreatedOnToolsVersion = 13.3;
					};
				};
			};
			buildConfigurationList = BA2501DB28D3408400AA404D /* Build configuration list for PBXProject "AppleMusicSwiftUI" */;
			compatibilityVersion = "Xcode 13.0";
			developmentRegion = en;
			hasScannedForEncodings = 0;
			knownRegions = (
				en,
				Base,
			);
			mainGroup = BA2501D728D3408400AA404D;
			productRefGroup = BA2501E128D3408400AA404D /* Products */;
			projectDirPath = "";
			projectRoot = "";
			targets = (
				BA2501DF28D3408400AA404D /* AppleMusicSwiftUI */,
			);
		};
/* End PBXProject section */

/* Begin PBXResourcesBuildPhase section */
		BA2501DE28D3408400AA404D /* Resources */ = {
			isa = PBXResourcesBuildPhase;
			buildActionMask = 2147483647;
			files = (
				BA2501EB28D3408500AA404D /* Preview Assets.xcassets in Resources */,
				BA2501E828D3408500AA404D /* Assets.xcassets in Resources */,
			);
			runOnlyForDeploymentPostprocessing = 0;
		};
/* End PBXResourcesBuildPhase section */

/* Begin PBXSourcesBuildPhase section */
		BA2501DC28D3408400AA404D /* Sources */ = {
			isa = PBXSourcesBuildPhase;
			buildActionMask = 2147483647;
			files = (
				BA25020B28D3428600AA404D /* RadioView.swift in Sources */,
				BA25020F28D342A800AA404D /* RadioStationsView.swift in Sources */,
				BA25020128D341E100AA404D /* LibraryView.swift in Sources */,
				BA25020728D3423E00AA404D /* EditLibrary.swift in Sources */,
				BA25020528D3421D00AA404D /* MainLibrary.swift in Sources */,
				BA2501F928D3414C00AA404D /* TabsView.swift in Sources */,
				BA25020928D3425900AA404D /* ListItem.swift in Sources */,
				BAA9EA3128E0F0E300E919C0 /* PlayerView.swift in Sources */,
				BA25021928D3475400AA404D /* CategoryData.swift in Sources */,
				BAA9EA2A28DCD08700E919C0 /* BottomCategory.swift in Sources */,
				BA25021F28D3540200AA404D /* CategoryView.swift in Sources */,
				BA2501E628D3408400AA404D /* ContentView.swift in Sources */,
				BA25020328D341FA00AA404D /* NowPlayingBar.swift in Sources */,
				BAA9EA3328E613DE00E919C0 /* SearchCell.swift in Sources */,
				BAA9EA2E28DCD23E00E919C0 /* BottomCategoryButton.swift in Sources */,
				BA2501FD28D3419D00AA404D /* RadioData.swift in Sources */,
				BA25021128D342B300AA404D /* RadioStationButton.swift in Sources */,
				BA25021328D342C300AA404D /* TopRadioView.swift in Sources */,
				BA2501E428D3408400AA404D /* AppleMusicSwiftUIApp.swift in Sources */,
				BA25021B28D3499300AA404D /* SearchCategoryButton.swift in Sources */,
				BAA9EA2C28DCD0D600E919C0 /* TopCategoryButton.swift in Sources */,
				BA25021528D342D200AA404D /* TopRadioButton.swift in Sources */,
				BA2501FF28D341BC00AA404D /* SearchView.swift in Sources */,
				BA2501FB28D3418000AA404D /* LibraryData.swift in Sources */,
				BA25021D28D350F600AA404D /* SongData.swift in Sources */,
				BAA9EA2828DCD02100E919C0 /* TopCategory.swift in Sources */,
			);
			runOnlyForDeploymentPostprocessing = 0;
		};
/* End PBXSourcesBuildPhase section */

/* Begin XCBuildConfiguration section */
		BA2501EC28D3408500AA404D /* Debug */ = {
			isa = XCBuildConfiguration;
			buildSettings = {
				ALWAYS_SEARCH_USER_PATHS = NO;
				CLANG_ANALYZER_NONNULL = YES;
				CLANG_ANALYZER_NUMBER_OBJECT_CONVERSION = YES_AGGRESSIVE;
				CLANG_CXX_LANGUAGE_STANDARD = "gnu++17";
				CLANG_ENABLE_MODULES = YES;
				CLANG_ENABLE_OBJC_ARC = YES;
				CLANG_ENABLE_OBJC_WEAK = YES;
				CLANG_WARN_BLOCK_CAPTURE_AUTORELEASING = YES;
				CLANG_WARN_BOOL_CONVERSION = YES;
				CLANG_WARN_COMMA = YES;
				CLANG_WARN_CONSTANT_CONVERSION = YES;
				CLANG_WARN_DEPRECATED_OBJC_IMPLEMENTATIONS = YES;
				CLANG_WARN_DIRECT_OBJC_ISA_USAGE = YES_ERROR;
				CLANG_WARN_DOCUMENTATION_COMMENTS = YES;
				CLANG_WARN_EMPTY_BODY = YES;
				CLANG_WARN_ENUM_CONVERSION = YES;
				CLANG_WARN_INFINITE_RECURSION = YES;
				CLANG_WARN_INT_CONVERSION = YES;
				CLANG_WARN_NON_LITERAL_NULL_CONVERSION = YES;
				CLANG_WARN_OBJC_IMPLICIT_RETAIN_SELF = YES;
				CLANG_WARN_OBJC_LITERAL_CONVERSION = YES;
				CLANG_WARN_OBJC_ROOT_CLASS = YES_ERROR;
				CLANG_WARN_QUOTED_INCLUDE_IN_FRAMEWORK_HEADER = YES;
				CLANG_WARN_RANGE_LOOP_ANALYSIS = YES;
				CLANG_WARN_STRICT_PROTOTYPES = YES;
				CLANG_WARN_SUSPICIOUS_MOVE = YES;
				CLANG_WARN_UNGUARDED_AVAILABILITY = YES_AGGRESSIVE;
				CLANG_WARN_UNREACHABLE_CODE = YES;
				CLANG_WARN__DUPLICATE_METHOD_MATCH = YES;
				COPY_PHASE_STRIP = NO;
				DEBUG_INFORMATION_FORMAT = dwarf;
				ENABLE_STRICT_OBJC_MSGSEND = YES;
				ENABLE_TESTABILITY = YES;
				GCC_C_LANGUAGE_STANDARD = gnu11;
				GCC_DYNAMIC_NO_PIC = NO;
				GCC_NO_COMMON_BLOCKS = YES;
				GCC_OPTIMIZATION_LEVEL = 0;
				GCC_PREPROCESSOR_DEFINITIONS = (
					"DEBUG=1",
					"$(inherited)",
				);
				GCC_WARN_64_TO_32_BIT_CONVERSION = YES;
				GCC_WARN_ABOUT_RETURN_TYPE = YES_ERROR;
				GCC_WARN_UNDECLARED_SELECTOR = YES;
				GCC_WARN_UNINITIALIZED_AUTOS = YES_AGGRESSIVE;
				GCC_WARN_UNUSED_FUNCTION = YES;
				GCC_WARN_UNUSED_VARIABLE = YES;
				IPHONEOS_DEPLOYMENT_TARGET = 15.4;
				MTL_ENABLE_DEBUG_INFO = INCLUDE_SOURCE;
				MTL_FAST_MATH = YES;
				ONLY_ACTIVE_ARCH = YES;
				SDKROOT = iphoneos;
				SWIFT_ACTIVE_COMPILATION_CONDITIONS = DEBUG;
				SWIFT_OPTIMIZATION_LEVEL = "-Onone";
			};
			name = Debug;
		};
		BA2501ED28D3408500AA404D /* Release */ = {
			isa = XCBuildConfiguration;
			buildSettings = {
				ALWAYS_SEARCH_USER_PATHS = NO;
				CLANG_ANALYZER_NONNULL = YES;
				CLANG_ANALYZER_NUMBER_OBJECT_CONVERSION = YES_AGGRESSIVE;
				CLANG_CXX_LANGUAGE_STANDARD = "gnu++17";
				CLANG_ENABLE_MODULES = YES;
				CLANG_ENABLE_OBJC_ARC = YES;
				CLANG_ENABLE_OBJC_WEAK = YES;
				CLANG_WARN_BLOCK_CAPTURE_AUTORELEASING = YES;
				CLANG_WARN_BOOL_CONVERSION = YES;
				CLANG_WARN_COMMA = YES;
				CLANG_WARN_CONSTANT_CONVERSION = YES;
				CLANG_WARN_DEPRECATED_OBJC_IMPLEMENTATIONS = YES;
				CLANG_WARN_DIRECT_OBJC_ISA_USAGE = YES_ERROR;
				CLANG_WARN_DOCUMENTATION_COMMENTS = YES;
				CLANG_WARN_EMPTY_BODY = YES;
				CLANG_WARN_ENUM_CONVERSION = YES;
				CLANG_WARN_INFINITE_RECURSION = YES;
				CLANG_WARN_INT_CONVERSION = YES;
				CLANG_WARN_NON_LITERAL_NULL_CONVERSION = YES;
				CLANG_WARN_OBJC_IMPLICIT_RETAIN_SELF = YES;
				CLANG_WARN_OBJC_LITERAL_CONVERSION = YES;
				CLANG_WARN_OBJC_ROOT_CLASS = YES_ERROR;
				CLANG_WARN_QUOTED_INCLUDE_IN_FRAMEWORK_HEADER = YES;
				CLANG_WARN_RANGE_LOOP_ANALYSIS = YES;
				CLANG_WARN_STRICT_PROTOTYPES = YES;
				CLANG_WARN_SUSPICIOUS_MOVE = YES;
				CLANG_WARN_UNGUARDED_AVAILABILITY = YES_AGGRESSIVE;
				CLANG_WARN_UNREACHABLE_CODE = YES;
				CLANG_WARN__DUPLICATE_METHOD_MATCH = YES;
				COPY_PHASE_STRIP = NO;
				DEBUG_INFORMATION_FORMAT = "dwarf-with-dsym";
				ENABLE_NS_ASSERTIONS = NO;
				ENABLE_STRICT_OBJC_MSGSEND = YES;
				GCC_C_LANGUAGE_STANDARD = gnu11;
				GCC_NO_COMMON_BLOCKS = YES;
				GCC_WARN_64_TO_32_BIT_CONVERSION = YES;
				GCC_WARN_ABOUT_RETURN_TYPE = YES_ERROR;
				GCC_WARN_UNDECLARED_SELECTOR = YES;
				GCC_WARN_UNINITIALIZED_AUTOS = YES_AGGRESSIVE;
				GCC_WARN_UNUSED_FUNCTION = YES;
				GCC_WARN_UNUSED_VARIABLE = YES;
				IPHONEOS_DEPLOYMENT_TARGET = 15.4;
				MTL_ENABLE_DEBUG_INFO = NO;
				MTL_FAST_MATH = YES;
				SDKROOT = iphoneos;
				SWIFT_COMPILATION_MODE = wholemodule;
				SWIFT_OPTIMIZATION_LEVEL = "-O";
				VALIDATE_PRODUCT = YES;
			};
			name = Release;
		};
		BA2501EF28D3408500AA404D /* Debug */ = {
			isa = XCBuildConfiguration;
			buildSettings = {
				ASSETCATALOG_COMPILER_APPICON_NAME = AppIcon;
				ASSETCATALOG_COMPILER_GLOBAL_ACCENT_COLOR_NAME = AccentColor;
				CODE_SIGN_STYLE = Automatic;
				CURRENT_PROJECT_VERSION = 1;
				DEVELOPMENT_ASSET_PATHS = "\"AppleMusicSwiftUI/Preview Content\"";
				DEVELOPMENT_TEAM = 9A7Q9CH3UQ;
				ENABLE_PREVIEWS = YES;
				GENERATE_INFOPLIST_FILE = YES;
				INFOPLIST_KEY_UIApplicationSceneManifest_Generation = YES;
				INFOPLIST_KEY_UIApplicationSupportsIndirectInputEvents = YES;
				INFOPLIST_KEY_UILaunchScreen_Generation = YES;
				INFOPLIST_KEY_UISupportedInterfaceOrientations_iPad = "UIInterfaceOrientationPortrait UIInterfaceOrientationPortraitUpsideDown UIInterfaceOrientationLandscapeLeft UIInterfaceOrientationLandscapeRight";
				INFOPLIST_KEY_UISupportedInterfaceOrientations_iPhone = "UIInterfaceOrientationPortrait UIInterfaceOrientationLandscapeLeft UIInterfaceOrientationLandscapeRight";
				LD_RUNPATH_SEARCH_PATHS = (
					"$(inherited)",
					"@executable_path/Frameworks",
				);
				MARKETING_VERSION = 1.0;
				PRODUCT_BUNDLE_IDENTIFIER = alexeypanda.AppleMusicSwiftUI;
				PRODUCT_NAME = "$(TARGET_NAME)";
				SWIFT_EMIT_LOC_STRINGS = YES;
				SWIFT_VERSION = 5.0;
				TARGETED_DEVICE_FAMILY = "1,2";
			};
			name = Debug;
		};
		BA2501F028D3408500AA404D /* Release */ = {
			isa = XCBuildConfiguration;
			buildSettings = {
				ASSETCATALOG_COMPILER_APPICON_NAME = AppIcon;
				ASSETCATALOG_COMPILER_GLOBAL_ACCENT_COLOR_NAME = AccentColor;
				CODE_SIGN_STYLE = Automatic;
				CURRENT_PROJECT_VERSION = 1;
				DEVELOPMENT_ASSET_PATHS = "\"AppleMusicSwiftUI/Preview Content\"";
				DEVELOPMENT_TEAM = 9A7Q9CH3UQ;
				ENABLE_PREVIEWS = YES;
				GENERATE_INFOPLIST_FILE = YES;
				INFOPLIST_KEY_UIApplicationSceneManifest_Generation = YES;
				INFOPLIST_KEY_UIApplicationSupportsIndirectInputEvents = YES;
				INFOPLIST_KEY_UILaunchScreen_Generation = YES;
				INFOPLIST_KEY_UISupportedInterfaceOrientations_iPad = "UIInterfaceOrientationPortrait UIInterfaceOrientationPortraitUpsideDown UIInterfaceOrientationLandscapeLeft UIInterfaceOrientationLandscapeRight";
				INFOPLIST_KEY_UISupportedInterfaceOrientations_iPhone = "UIInterfaceOrientationPortrait UIInterfaceOrientationLandscapeLeft UIInterfaceOrientationLandscapeRight";
				LD_RUNPATH_SEARCH_PATHS = (
					"$(inherited)",
					"@executable_path/Frameworks",
				);
				MARKETING_VERSION = 1.0;
				PRODUCT_BUNDLE_IDENTIFIER = alexeypanda.AppleMusicSwiftUI;
				PRODUCT_NAME = "$(TARGET_NAME)";
				SWIFT_EMIT_LOC_STRINGS = YES;
				SWIFT_VERSION = 5.0;
				TARGETED_DEVICE_FAMILY = "1,2";
			};
			name = Release;
		};
/* End XCBuildConfiguration section */

/* Begin XCConfigurationList section */
		BA2501DB28D3408400AA404D /* Build configuration list for PBXProject "AppleMusicSwiftUI" */ = {
			isa = XCConfigurationList;
			buildConfigurations = (
				BA2501EC28D3408500AA404D /* Debug */,
				BA2501ED28D3408500AA404D /* Release */,
			);
			defaultConfigurationIsVisible = 0;
			defaultConfigurationName = Release;
		};
		BA2501EE28D3408500AA404D /* Build configuration list for PBXNativeTarget "AppleMusicSwiftUI" */ = {
			isa = XCConfigurationList;
			buildConfigurations = (
				BA2501EF28D3408500AA404D /* Debug */,
				BA2501F028D3408500AA404D /* Release */,
			);
			defaultConfigurationIsVisible = 0;
			defaultConfigurationName = Release;
		};
/* End XCConfigurationList section */
	};
	rootObject = BA2501D828D3408400AA404D /* Project object */;
}
